
Microsoft Visual Studio Solution File, Format Version 12.00
# Visual Studio Version 16
VisualStudioVersion = 16.0.32106.194
MinimumVisualStudioVersion = 10.0.40219.1
Project("{9A19103F-16F7-4668-BE54-9A1E7A4F7556}") = "IntegrationsBenchmark.WebApi", "src\IntegrationsBenchmark.WebApi\IntegrationsBenchmark.WebApi.csproj", "{E1FE5D0B-F33C-4947-9CFA-D6999891B0A0}"
EndProject
Project("{9A19103F-16F7-4668-BE54-9A1E7A4F7556}") = "IntegrationsBenchmark.Benchmarks", "src\IntegrationsBenchmark.Benchmarks\IntegrationsBenchmark.Benchmarks.csproj", "{386DD5DB-58D3-4D4F-94E7-B1A05AC78CFD}"
EndProject
Global
	GlobalSection(SolutionConfigurationPlatforms) = preSolution
		Debug|Any CPU = Debug|Any CPU
		Release|Any CPU = Release|Any CPU
	EndGlobalSection
	GlobalSection(ProjectConfigurationPlatforms) = postSolution
		{E1FE5D0B-F33C-4947-9CFA-D6999891B0A0}.Debug|Any CPU.ActiveCfg = Debug|Any CPU
		{E1FE5D0B-F33C-4947-9CFA-D6999891B0A0}.Debug|Any CPU.Build.0 = Debug|Any CPU
		{E1FE5D0B-F33C-4947-9CFA-D6999891B0A0}.Release|Any CPU.ActiveCfg = Release|Any CPU
		{E1FE5D0B-F33C-4947-9CFA-D6999891B0A0}.Release|Any CPU.Build.0 = Release|Any CPU
		{386DD5DB-58D3-4D4F-94E7-B1A05AC78CFD}.Debug|Any CPU.ActiveCfg = Debug|Any CPU
		{386DD5DB-58D3-4D4F-94E7-B1A05AC78CFD}.Debug|Any CPU.Build.0 = Debug|Any CPU
		{386DD5DB-58D3-4D4F-94E7-B1A05AC78CFD}.Release|Any CPU.ActiveCfg = Release|Any CPU
		{386DD5DB-58D3-4D4F-94E7-B1A05AC78CFD}.Release|Any CPU.Build.0 = Release|Any CPU
	EndGlobalSection
	GlobalSection(SolutionProperties) = preSolution
		HideSolutionNode = FALSE
	EndGlobalSection
	GlobalSection(ExtensibilityGlobals) = postSolution
		SolutionGuid = {3E71E847-0954-4B70-9093-AAF33E807BBF}
	EndGlobalSection
EndGlobal
